// !$*UTF8*$!
{
	archiveVersion = 1;
	classes = {
	};
	objectVersion = 56;
	objects = {

/* Begin PBXBuildFile section */
		5A5CAFB22AD05BE30097497E /* AppDelegate.swift in Sources */ = {isa = PBXBuildFile; fileRef = 5A5CAFB12AD05BE30097497E /* AppDelegate.swift */; };
		5A5CAFB42AD05BE30097497E /* SceneDelegate.swift in Sources */ = {isa = PBXBuildFile; fileRef = 5A5CAFB32AD05BE30097497E /* SceneDelegate.swift */; };
		5A5CAFB62AD05BE30097497E /* ImagesListViewController.swift in Sources */ = {isa = PBXBuildFile; fileRef = 5A5CAFB52AD05BE30097497E /* ImagesListViewController.swift */; };
		5A5CAFB92AD05BE30097497E /* Main.storyboard in Resources */ = {isa = PBXBuildFile; fileRef = 5A5CAFB72AD05BE30097497E /* Main.storyboard */; };
		5A5CAFBB2AD05BE60097497E /* Assets.xcassets in Resources */ = {isa = PBXBuildFile; fileRef = 5A5CAFBA2AD05BE60097497E /* Assets.xcassets */; };
		5A5CAFBE2AD05BE60097497E /* LaunchScreen.storyboard in Resources */ = {isa = PBXBuildFile; fileRef = 5A5CAFBC2AD05BE60097497E /* LaunchScreen.storyboard */; };
		5A5CAFED2AD58EA10097497E /* UIColor+Extensions.swift in Sources */ = {isa = PBXBuildFile; fileRef = 5A5CAFEC2AD58EA10097497E /* UIColor+Extensions.swift */; };
		5A5CAFEF2AD6C8F30097497E /* ImagesListCell.swift in Sources */ = {isa = PBXBuildFile; fileRef = 5A5CAFEE2AD6C8F30097497E /* ImagesListCell.swift */; };
		5A5CAFF42AE1A4C00097497E /* ProfileViewController.swift in Sources */ = {isa = PBXBuildFile; fileRef = 5A5CAFF32AE1A4C00097497E /* ProfileViewController.swift */; };
		5A5CAFF62AE41E750097497E /* SingleImageViewController.swift in Sources */ = {isa = PBXBuildFile; fileRef = 5A5CAFF52AE41E740097497E /* SingleImageViewController.swift */; };
		5A6375FC2AF4EB6100DEE036 /* Constants.swift in Sources */ = {isa = PBXBuildFile; fileRef = 5A6375FB2AF4EB6100DEE036 /* Constants.swift */; };
		5A6375FE2AF8D88A00DEE036 /* AuthViewController.swift in Sources */ = {isa = PBXBuildFile; fileRef = 5A6375FD2AF8D88A00DEE036 /* AuthViewController.swift */; };
		5A6376012AF8E1A300DEE036 /* WebViewViewController.swift in Sources */ = {isa = PBXBuildFile; fileRef = 5A6376002AF8E1A300DEE036 /* WebViewViewController.swift */; };
		5A6376042AFD576700DEE036 /* OAuthTokenResponseBody.swift in Sources */ = {isa = PBXBuildFile; fileRef = 5A6376032AFD576700DEE036 /* OAuthTokenResponseBody.swift */; };
		5A6376072AFD587300DEE036 /* OAuth2Service.swift in Sources */ = {isa = PBXBuildFile; fileRef = 5A6376062AFD587300DEE036 /* OAuth2Service.swift */; };
		5A6376092AFD67B500DEE036 /* OAuth2TokenStorage.swift in Sources */ = {isa = PBXBuildFile; fileRef = 5A6376082AFD67B500DEE036 /* OAuth2TokenStorage.swift */; };
		5A63760B2AFE590200DEE036 /* SplashViewController.swift in Sources */ = {isa = PBXBuildFile; fileRef = 5A63760A2AFE590200DEE036 /* SplashViewController.swift */; };
		5A63760E2B07A43300DEE036 /* ProgressHUD in Frameworks */ = {isa = PBXBuildFile; productRef = 5A63760D2B07A43300DEE036 /* ProgressHUD */; };
		5A6376102B0A521C00DEE036 /* UIBlockingProgressHUD.swift in Sources */ = {isa = PBXBuildFile; fileRef = 5A63760F2B0A521C00DEE036 /* UIBlockingProgressHUD.swift */; };
		5A6376122B0A59FA00DEE036 /* ProfileService.swift in Sources */ = {isa = PBXBuildFile; fileRef = 5A6376112B0A59FA00DEE036 /* ProfileService.swift */; };
		5A6376142B0A5A1400DEE036 /* ProfileResult.swift in Sources */ = {isa = PBXBuildFile; fileRef = 5A6376132B0A5A1400DEE036 /* ProfileResult.swift */; };
		5A6376162B0A8E4400DEE036 /* ProfileData.swift in Sources */ = {isa = PBXBuildFile; fileRef = 5A6376152B0A8E4400DEE036 /* ProfileData.swift */; };
		5A63761A2B0E183100DEE036 /* ProfileImageService.swift in Sources */ = {isa = PBXBuildFile; fileRef = 5A6376192B0E183100DEE036 /* ProfileImageService.swift */; };
		5A63761C2B0E184E00DEE036 /* UserResult.swift in Sources */ = {isa = PBXBuildFile; fileRef = 5A63761B2B0E184E00DEE036 /* UserResult.swift */; };
		5A63761E2B0FA39400DEE036 /* URLSession+Extensions.swift in Sources */ = {isa = PBXBuildFile; fileRef = 5A63761D2B0FA39400DEE036 /* URLSession+Extensions.swift */; };
		5A6376212B0FCC3700DEE036 /* AlertPresenter.swift in Sources */ = {isa = PBXBuildFile; fileRef = 5A6376202B0FCC3700DEE036 /* AlertPresenter.swift */; };
		5A6376232B0FCC7200DEE036 /* AlertModel.swift in Sources */ = {isa = PBXBuildFile; fileRef = 5A6376222B0FCC7200DEE036 /* AlertModel.swift */; };
		5A6376262B10A6EC00DEE036 /* Kingfisher in Frameworks */ = {isa = PBXBuildFile; productRef = 5A6376252B10A6EC00DEE036 /* Kingfisher */; };
		5A6376292B1258BD00DEE036 /* SwiftKeychainWrapper in Frameworks */ = {isa = PBXBuildFile; productRef = 5A6376282B1258BD00DEE036 /* SwiftKeychainWrapper */; };
		5A63762B2B12650500DEE036 /* TabBarController.swift in Sources */ = {isa = PBXBuildFile; fileRef = 5A63762A2B12650500DEE036 /* TabBarController.swift */; };
		5A98367D2B2EE8000020F8E1 /* WebViewPresenter.swift in Sources */ = {isa = PBXBuildFile; fileRef = 5A98367C2B2EE8000020F8E1 /* WebViewPresenter.swift */; };
		5A98367F2B2F0E780020F8E1 /* AuthHelper.swift in Sources */ = {isa = PBXBuildFile; fileRef = 5A98367E2B2F0E780020F8E1 /* AuthHelper.swift */; };
		5ABA009F2B190680002EDB08 /* Photo.swift in Sources */ = {isa = PBXBuildFile; fileRef = 5ABA009E2B190680002EDB08 /* Photo.swift */; };
		5ABA00A12B1906A3002EDB08 /* ImagesListService.swift in Sources */ = {isa = PBXBuildFile; fileRef = 5ABA00A02B1906A3002EDB08 /* ImagesListService.swift */; };
		5ABA00A32B190B52002EDB08 /* PhotoResult.swift in Sources */ = {isa = PBXBuildFile; fileRef = 5ABA00A22B190B52002EDB08 /* PhotoResult.swift */; };
		5ABA00B22B1A724D002EDB08 /* DateFormatter.swift in Sources */ = {isa = PBXBuildFile; fileRef = 5ABA00B12B1A724D002EDB08 /* DateFormatter.swift */; };
/* End PBXBuildFile section */

/* Begin PBXFileReference section */
		5A5CAFAE2AD05BE30097497E /* ImageFeed.app */ = {isa = PBXFileReference; explicitFileType = wrapper.application; includeInIndex = 0; path = ImageFeed.app; sourceTree = BUILT_PRODUCTS_DIR; };
		5A5CAFB12AD05BE30097497E /* AppDelegate.swift */ = {isa = PBXFileReference; lastKnownFileType = sourcecode.swift; path = AppDelegate.swift; sourceTree = "<group>"; };
		5A5CAFB32AD05BE30097497E /* SceneDelegate.swift */ = {isa = PBXFileReference; lastKnownFileType = sourcecode.swift; path = SceneDelegate.swift; sourceTree = "<group>"; };
		5A5CAFB52AD05BE30097497E /* ImagesListViewController.swift */ = {isa = PBXFileReference; lastKnownFileType = sourcecode.swift; path = ImagesListViewController.swift; sourceTree = "<group>"; };
		5A5CAFB82AD05BE30097497E /* Base */ = {isa = PBXFileReference; lastKnownFileType = file.storyboard; name = Base; path = Base.lproj/Main.storyboard; sourceTree = "<group>"; };
		5A5CAFBA2AD05BE60097497E /* Assets.xcassets */ = {isa = PBXFileReference; lastKnownFileType = folder.assetcatalog; path = Assets.xcassets; sourceTree = "<group>"; };
		5A5CAFBD2AD05BE60097497E /* Base */ = {isa = PBXFileReference; lastKnownFileType = file.storyboard; name = Base; path = Base.lproj/LaunchScreen.storyboard; sourceTree = "<group>"; };
		5A5CAFBF2AD05BE60097497E /* Info.plist */ = {isa = PBXFileReference; lastKnownFileType = text.plist.xml; path = Info.plist; sourceTree = "<group>"; };
		5A5CAFEC2AD58EA10097497E /* UIColor+Extensions.swift */ = {isa = PBXFileReference; lastKnownFileType = sourcecode.swift; path = "UIColor+Extensions.swift"; sourceTree = "<group>"; };
		5A5CAFEE2AD6C8F30097497E /* ImagesListCell.swift */ = {isa = PBXFileReference; lastKnownFileType = sourcecode.swift; path = ImagesListCell.swift; sourceTree = "<group>"; };
		5A5CAFF32AE1A4C00097497E /* ProfileViewController.swift */ = {isa = PBXFileReference; lastKnownFileType = sourcecode.swift; path = ProfileViewController.swift; sourceTree = "<group>"; };
		5A5CAFF52AE41E740097497E /* SingleImageViewController.swift */ = {isa = PBXFileReference; lastKnownFileType = sourcecode.swift; path = SingleImageViewController.swift; sourceTree = "<group>"; };
		5A6375FB2AF4EB6100DEE036 /* Constants.swift */ = {isa = PBXFileReference; lastKnownFileType = sourcecode.swift; path = Constants.swift; sourceTree = "<group>"; };
		5A6375FD2AF8D88A00DEE036 /* AuthViewController.swift */ = {isa = PBXFileReference; lastKnownFileType = sourcecode.swift; path = AuthViewController.swift; sourceTree = "<group>"; };
		5A6376002AF8E1A300DEE036 /* WebViewViewController.swift */ = {isa = PBXFileReference; lastKnownFileType = sourcecode.swift; path = WebViewViewController.swift; sourceTree = "<group>"; };
		5A6376032AFD576700DEE036 /* OAuthTokenResponseBody.swift */ = {isa = PBXFileReference; lastKnownFileType = sourcecode.swift; path = OAuthTokenResponseBody.swift; sourceTree = "<group>"; };
		5A6376062AFD587300DEE036 /* OAuth2Service.swift */ = {isa = PBXFileReference; lastKnownFileType = sourcecode.swift; path = OAuth2Service.swift; sourceTree = "<group>"; };
		5A6376082AFD67B500DEE036 /* OAuth2TokenStorage.swift */ = {isa = PBXFileReference; lastKnownFileType = sourcecode.swift; path = OAuth2TokenStorage.swift; sourceTree = "<group>"; };
		5A63760A2AFE590200DEE036 /* SplashViewController.swift */ = {isa = PBXFileReference; lastKnownFileType = sourcecode.swift; path = SplashViewController.swift; sourceTree = "<group>"; };
		5A63760F2B0A521C00DEE036 /* UIBlockingProgressHUD.swift */ = {isa = PBXFileReference; lastKnownFileType = sourcecode.swift; path = UIBlockingProgressHUD.swift; sourceTree = "<group>"; };
		5A6376112B0A59FA00DEE036 /* ProfileService.swift */ = {isa = PBXFileReference; lastKnownFileType = sourcecode.swift; path = ProfileService.swift; sourceTree = "<group>"; };
		5A6376132B0A5A1400DEE036 /* ProfileResult.swift */ = {isa = PBXFileReference; lastKnownFileType = sourcecode.swift; path = ProfileResult.swift; sourceTree = "<group>"; };
		5A6376152B0A8E4400DEE036 /* ProfileData.swift */ = {isa = PBXFileReference; lastKnownFileType = sourcecode.swift; path = ProfileData.swift; sourceTree = "<group>"; };
		5A6376192B0E183100DEE036 /* ProfileImageService.swift */ = {isa = PBXFileReference; lastKnownFileType = sourcecode.swift; path = ProfileImageService.swift; sourceTree = "<group>"; };
		5A63761B2B0E184E00DEE036 /* UserResult.swift */ = {isa = PBXFileReference; lastKnownFileType = sourcecode.swift; path = UserResult.swift; sourceTree = "<group>"; };
		5A63761D2B0FA39400DEE036 /* URLSession+Extensions.swift */ = {isa = PBXFileReference; lastKnownFileType = sourcecode.swift; path = "URLSession+Extensions.swift"; sourceTree = "<group>"; };
		5A6376202B0FCC3700DEE036 /* AlertPresenter.swift */ = {isa = PBXFileReference; lastKnownFileType = sourcecode.swift; path = AlertPresenter.swift; sourceTree = "<group>"; };
		5A6376222B0FCC7200DEE036 /* AlertModel.swift */ = {isa = PBXFileReference; lastKnownFileType = sourcecode.swift; path = AlertModel.swift; sourceTree = "<group>"; };
		5A63762A2B12650500DEE036 /* TabBarController.swift */ = {isa = PBXFileReference; lastKnownFileType = sourcecode.swift; path = TabBarController.swift; sourceTree = "<group>"; };
		5A98367C2B2EE8000020F8E1 /* WebViewPresenter.swift */ = {isa = PBXFileReference; lastKnownFileType = sourcecode.swift; path = WebViewPresenter.swift; sourceTree = "<group>"; };
		5A98367E2B2F0E780020F8E1 /* AuthHelper.swift */ = {isa = PBXFileReference; lastKnownFileType = sourcecode.swift; path = AuthHelper.swift; sourceTree = "<group>"; };
		5ABA009E2B190680002EDB08 /* Photo.swift */ = {isa = PBXFileReference; lastKnownFileType = sourcecode.swift; path = Photo.swift; sourceTree = "<group>"; };
		5ABA00A02B1906A3002EDB08 /* ImagesListService.swift */ = {isa = PBXFileReference; lastKnownFileType = sourcecode.swift; path = ImagesListService.swift; sourceTree = "<group>"; };
		5ABA00A22B190B52002EDB08 /* PhotoResult.swift */ = {isa = PBXFileReference; lastKnownFileType = sourcecode.swift; path = PhotoResult.swift; sourceTree = "<group>"; };
		5ABA00B12B1A724D002EDB08 /* DateFormatter.swift */ = {isa = PBXFileReference; lastKnownFileType = sourcecode.swift; path = DateFormatter.swift; sourceTree = "<group>"; };
/* End PBXFileReference section */

/* Begin PBXFrameworksBuildPhase section */
		5A5CAFAB2AD05BE30097497E /* Frameworks */ = {
			isa = PBXFrameworksBuildPhase;
			buildActionMask = 2147483647;
			files = (
				5A6376262B10A6EC00DEE036 /* Kingfisher in Frameworks */,
				5A63760E2B07A43300DEE036 /* ProgressHUD in Frameworks */,
				5A6376292B1258BD00DEE036 /* SwiftKeychainWrapper in Frameworks */,
			);
			runOnlyForDeploymentPostprocessing = 0;
		};
/* End PBXFrameworksBuildPhase section */

/* Begin PBXGroup section */
		5A5CAFA52AD05BE30097497E = {
			isa = PBXGroup;
			children = (
				5A5CAFB02AD05BE30097497E /* ImageFeed */,
				5A5CAFAF2AD05BE30097497E /* Products */,
			);
			sourceTree = "<group>";
		};
		5A5CAFAF2AD05BE30097497E /* Products */ = {
			isa = PBXGroup;
			children = (
				5A5CAFAE2AD05BE30097497E /* ImageFeed.app */,
			);
			name = Products;
			sourceTree = "<group>";
		};
		5A5CAFB02AD05BE30097497E /* ImageFeed */ = {
			isa = PBXGroup;
			children = (
				5A63762C2B12653600DEE036 /* TabBar */,
				5A63761F2B0FCBF700DEE036 /* AlertPresenter */,
				5A6376022AFD573C00DEE036 /* Models */,
				5A6376052AFD586100DEE036 /* Services */,
				5A6375FF2AF8E17A00DEE036 /* Auth */,
				5A5CAFF02AD6C93B0097497E /* ImagesList */,
				5A5CAFF12AD6C9840097497E /* Helpers */,
				5A5CAFF22AD6CA100097497E /* Resources */,
				5A5CAFB32AD05BE30097497E /* SceneDelegate.swift */,
				5A5CAFB12AD05BE30097497E /* AppDelegate.swift */,
				5A6375FB2AF4EB6100DEE036 /* Constants.swift */,
				5A63760A2AFE590200DEE036 /* SplashViewController.swift */,
				5A63760F2B0A521C00DEE036 /* UIBlockingProgressHUD.swift */,
			);
			path = ImageFeed;
			sourceTree = "<group>";
		};
		5A5CAFF02AD6C93B0097497E /* ImagesList */ = {
			isa = PBXGroup;
			children = (
				5A5CAFB52AD05BE30097497E /* ImagesListViewController.swift */,
				5A5CAFB72AD05BE30097497E /* Main.storyboard */,
				5A5CAFEE2AD6C8F30097497E /* ImagesListCell.swift */,
				5A5CAFF32AE1A4C00097497E /* ProfileViewController.swift */,
				5A5CAFF52AE41E740097497E /* SingleImageViewController.swift */,
			);
			path = ImagesList;
			sourceTree = "<group>";
		};
		5A5CAFF12AD6C9840097497E /* Helpers */ = {
			isa = PBXGroup;
			children = (
				5A5CAFEC2AD58EA10097497E /* UIColor+Extensions.swift */,
				5A63761D2B0FA39400DEE036 /* URLSession+Extensions.swift */,
				5ABA00B12B1A724D002EDB08 /* DateFormatter.swift */,
			);
			path = Helpers;
			sourceTree = "<group>";
		};
		5A5CAFF22AD6CA100097497E /* Resources */ = {
			isa = PBXGroup;
			children = (
				5A5CAFBA2AD05BE60097497E /* Assets.xcassets */,
				5A5CAFBC2AD05BE60097497E /* LaunchScreen.storyboard */,
				5A5CAFBF2AD05BE60097497E /* Info.plist */,
			);
			path = Resources;
			sourceTree = "<group>";
		};
		5A6375FF2AF8E17A00DEE036 /* Auth */ = {
			isa = PBXGroup;
			children = (
				5A6375FD2AF8D88A00DEE036 /* AuthViewController.swift */,
				5A6376002AF8E1A300DEE036 /* WebViewViewController.swift */,
				5A98367C2B2EE8000020F8E1 /* WebViewPresenter.swift */,
				5A98367E2B2F0E780020F8E1 /* AuthHelper.swift */,
			);
			path = Auth;
			sourceTree = "<group>";
		};
		5A6376022AFD573C00DEE036 /* Models */ = {
			isa = PBXGroup;
			children = (
				5A6376032AFD576700DEE036 /* OAuthTokenResponseBody.swift */,
				5A6376132B0A5A1400DEE036 /* ProfileResult.swift */,
				5A6376152B0A8E4400DEE036 /* ProfileData.swift */,
				5A63761B2B0E184E00DEE036 /* UserResult.swift */,
				5ABA009E2B190680002EDB08 /* Photo.swift */,
				5ABA00A22B190B52002EDB08 /* PhotoResult.swift */,
			);
			path = Models;
			sourceTree = "<group>";
		};
		5A6376052AFD586100DEE036 /* Services */ = {
			isa = PBXGroup;
			children = (
				5A6376062AFD587300DEE036 /* OAuth2Service.swift */,
				5A6376082AFD67B500DEE036 /* OAuth2TokenStorage.swift */,
				5A6376112B0A59FA00DEE036 /* ProfileService.swift */,
				5A6376192B0E183100DEE036 /* ProfileImageService.swift */,
				5ABA00A02B1906A3002EDB08 /* ImagesListService.swift */,
			);
			path = Services;
			sourceTree = "<group>";
		};
		5A63761F2B0FCBF700DEE036 /* AlertPresenter */ = {
			isa = PBXGroup;
			children = (
				5A6376202B0FCC3700DEE036 /* AlertPresenter.swift */,
				5A6376222B0FCC7200DEE036 /* AlertModel.swift */,
			);
			path = AlertPresenter;
			sourceTree = "<group>";
		};
		5A63762C2B12653600DEE036 /* TabBar */ = {
			isa = PBXGroup;
			children = (
				5A63762A2B12650500DEE036 /* TabBarController.swift */,
			);
			path = TabBar;
			sourceTree = "<group>";
		};
/* End PBXGroup section */

/* Begin PBXNativeTarget section */
		5A5CAFAD2AD05BE30097497E /* ImageFeed */ = {
			isa = PBXNativeTarget;
			buildConfigurationList = 5A5CAFC22AD05BE60097497E /* Build configuration list for PBXNativeTarget "ImageFeed" */;
			buildPhases = (
				5A5CAFAA2AD05BE30097497E /* Sources */,
				5A5CAFAB2AD05BE30097497E /* Frameworks */,
				5A5CAFAC2AD05BE30097497E /* Resources */,
			);
			buildRules = (
			);
			dependencies = (
			);
			name = ImageFeed;
			packageProductDependencies = (
				5A63760D2B07A43300DEE036 /* ProgressHUD */,
				5A6376252B10A6EC00DEE036 /* Kingfisher */,
				5A6376282B1258BD00DEE036 /* SwiftKeychainWrapper */,
			);
			productName = ImageFeed;
			productReference = 5A5CAFAE2AD05BE30097497E /* ImageFeed.app */;
			productType = "com.apple.product-type.application";
		};
/* End PBXNativeTarget section */

/* Begin PBXProject section */
		5A5CAFA62AD05BE30097497E /* Project object */ = {
			isa = PBXProject;
			attributes = {
				BuildIndependentTargetsInParallel = 1;
				LastSwiftUpdateCheck = 1430;
				LastUpgradeCheck = 1430;
				TargetAttributes = {
					5A5CAFAD2AD05BE30097497E = {
						CreatedOnToolsVersion = 14.3;
					};
				};
			};
			buildConfigurationList = 5A5CAFA92AD05BE30097497E /* Build configuration list for PBXProject "ImageFeed" */;
			compatibilityVersion = "Xcode 14.0";
			developmentRegion = en;
			hasScannedForEncodings = 0;
			knownRegions = (
				en,
				Base,
			);
			mainGroup = 5A5CAFA52AD05BE30097497E;
			packageReferences = (
				5A63760C2B07A43300DEE036 /* XCRemoteSwiftPackageReference "ProgressHUD" */,
				5A6376242B10A6EC00DEE036 /* XCRemoteSwiftPackageReference "Kingfisher" */,
				5A6376272B1258BD00DEE036 /* XCRemoteSwiftPackageReference "SwiftKeychainWrapper" */,
			);
			productRefGroup = 5A5CAFAF2AD05BE30097497E /* Products */;
			projectDirPath = "";
			projectRoot = "";
			targets = (
				5A5CAFAD2AD05BE30097497E /* ImageFeed */,
			);
		};
/* End PBXProject section */

/* Begin PBXResourcesBuildPhase section */
		5A5CAFAC2AD05BE30097497E /* Resources */ = {
			isa = PBXResourcesBuildPhase;
			buildActionMask = 2147483647;
			files = (
				5A5CAFBE2AD05BE60097497E /* LaunchScreen.storyboard in Resources */,
				5A5CAFBB2AD05BE60097497E /* Assets.xcassets in Resources */,
				5A5CAFB92AD05BE30097497E /* Main.storyboard in Resources */,
			);
			runOnlyForDeploymentPostprocessing = 0;
		};
/* End PBXResourcesBuildPhase section */

/* Begin PBXSourcesBuildPhase section */
		5A5CAFAA2AD05BE30097497E /* Sources */ = {
			isa = PBXSourcesBuildPhase;
			buildActionMask = 2147483647;
			files = (
				5A6376012AF8E1A300DEE036 /* WebViewViewController.swift in Sources */,
				5A6376122B0A59FA00DEE036 /* ProfileService.swift in Sources */,
				5A5CAFF42AE1A4C00097497E /* ProfileViewController.swift in Sources */,
				5A6376072AFD587300DEE036 /* OAuth2Service.swift in Sources */,
				5A6376232B0FCC7200DEE036 /* AlertModel.swift in Sources */,
				5A5CAFB62AD05BE30097497E /* ImagesListViewController.swift in Sources */,
				5ABA00A32B190B52002EDB08 /* PhotoResult.swift in Sources */,
				5A63761C2B0E184E00DEE036 /* UserResult.swift in Sources */,
				5A5CAFB22AD05BE30097497E /* AppDelegate.swift in Sources */,
				5A63760B2AFE590200DEE036 /* SplashViewController.swift in Sources */,
				5ABA009F2B190680002EDB08 /* Photo.swift in Sources */,
				5A6376042AFD576700DEE036 /* OAuthTokenResponseBody.swift in Sources */,
				5A6376142B0A5A1400DEE036 /* ProfileResult.swift in Sources */,
				5A5CAFF62AE41E750097497E /* SingleImageViewController.swift in Sources */,
				5A63761E2B0FA39400DEE036 /* URLSession+Extensions.swift in Sources */,
				5A6376102B0A521C00DEE036 /* UIBlockingProgressHUD.swift in Sources */,
				5A6376162B0A8E4400DEE036 /* ProfileData.swift in Sources */,
				5A98367F2B2F0E780020F8E1 /* AuthHelper.swift in Sources */,
				5A6376212B0FCC3700DEE036 /* AlertPresenter.swift in Sources */,
				5A5CAFEF2AD6C8F30097497E /* ImagesListCell.swift in Sources */,
				5A63762B2B12650500DEE036 /* TabBarController.swift in Sources */,
				5A5CAFB42AD05BE30097497E /* SceneDelegate.swift in Sources */,
				5A5CAFED2AD58EA10097497E /* UIColor+Extensions.swift in Sources */,
				5A98367D2B2EE8000020F8E1 /* WebViewPresenter.swift in Sources */,
				5A6375FE2AF8D88A00DEE036 /* AuthViewController.swift in Sources */,
				5A63761A2B0E183100DEE036 /* ProfileImageService.swift in Sources */,
				5ABA00B22B1A724D002EDB08 /* DateFormatter.swift in Sources */,
				5A6376092AFD67B500DEE036 /* OAuth2TokenStorage.swift in Sources */,
				5A6375FC2AF4EB6100DEE036 /* Constants.swift in Sources */,
				5ABA00A12B1906A3002EDB08 /* ImagesListService.swift in Sources */,
			);
			runOnlyForDeploymentPostprocessing = 0;
		};
/* End PBXSourcesBuildPhase section */

/* Begin PBXVariantGroup section */
		5A5CAFB72AD05BE30097497E /* Main.storyboard */ = {
			isa = PBXVariantGroup;
			children = (
				5A5CAFB82AD05BE30097497E /* Base */,
			);
			name = Main.storyboard;
			sourceTree = "<group>";
		};
		5A5CAFBC2AD05BE60097497E /* LaunchScreen.storyboard */ = {
			isa = PBXVariantGroup;
			children = (
				5A5CAFBD2AD05BE60097497E /* Base */,
			);
			name = LaunchScreen.storyboard;
			sourceTree = "<group>";
		};
/* End PBXVariantGroup section */

/* Begin XCBuildConfiguration section */
		5A5CAFC02AD05BE60097497E /* Debug */ = {
			isa = XCBuildConfiguration;
			buildSettings = {
				ALWAYS_SEARCH_USER_PATHS = NO;
				CLANG_ANALYZER_NONNULL = YES;
				CLANG_ANALYZER_NUMBER_OBJECT_CONVERSION = YES_AGGRESSIVE;
				CLANG_CXX_LANGUAGE_STANDARD = "gnu++20";
				CLANG_ENABLE_MODULES = YES;
				CLANG_ENABLE_OBJC_ARC = YES;
				CLANG_ENABLE_OBJC_WEAK = YES;
				CLANG_WARN_BLOCK_CAPTURE_AUTORELEASING = YES;
				CLANG_WARN_BOOL_CONVERSION = YES;
				CLANG_WARN_COMMA = YES;
				CLANG_WARN_CONSTANT_CONVERSION = YES;
				CLANG_WARN_DEPRECATED_OBJC_IMPLEMENTATIONS = YES;
				CLANG_WARN_DIRECT_OBJC_ISA_USAGE = YES_ERROR;
				CLANG_WARN_DOCUMENTATION_COMMENTS = YES;
				CLANG_WARN_EMPTY_BODY = YES;
				CLANG_WARN_ENUM_CONVERSION = YES;
				CLANG_WARN_INFINITE_RECURSION = YES;
				CLANG_WARN_INT_CONVERSION = YES;
				CLANG_WARN_NON_LITERAL_NULL_CONVERSION = YES;
				CLANG_WARN_OBJC_IMPLICIT_RETAIN_SELF = YES;
				CLANG_WARN_OBJC_LITERAL_CONVERSION = YES;
				CLANG_WARN_OBJC_ROOT_CLASS = YES_ERROR;
				CLANG_WARN_QUOTED_INCLUDE_IN_FRAMEWORK_HEADER = YES;
				CLANG_WARN_RANGE_LOOP_ANALYSIS = YES;
				CLANG_WARN_STRICT_PROTOTYPES = YES;
				CLANG_WARN_SUSPICIOUS_MOVE = YES;
				CLANG_WARN_UNGUARDED_AVAILABILITY = YES_AGGRESSIVE;
				CLANG_WARN_UNREACHABLE_CODE = YES;
				CLANG_WARN__DUPLICATE_METHOD_MATCH = YES;
				COPY_PHASE_STRIP = NO;
				DEBUG_INFORMATION_FORMAT = dwarf;
				ENABLE_STRICT_OBJC_MSGSEND = YES;
				ENABLE_TESTABILITY = YES;
				GCC_C_LANGUAGE_STANDARD = gnu11;
				GCC_DYNAMIC_NO_PIC = NO;
				GCC_NO_COMMON_BLOCKS = YES;
				GCC_OPTIMIZATION_LEVEL = 0;
				GCC_PREPROCESSOR_DEFINITIONS = (
					"DEBUG=1",
					"$(inherited)",
				);
				GCC_WARN_64_TO_32_BIT_CONVERSION = YES;
				GCC_WARN_ABOUT_RETURN_TYPE = YES_ERROR;
				GCC_WARN_UNDECLARED_SELECTOR = YES;
				GCC_WARN_UNINITIALIZED_AUTOS = YES_AGGRESSIVE;
				GCC_WARN_UNUSED_FUNCTION = YES;
				GCC_WARN_UNUSED_VARIABLE = YES;
				IPHONEOS_DEPLOYMENT_TARGET = 16.4;
				MTL_ENABLE_DEBUG_INFO = INCLUDE_SOURCE;
				MTL_FAST_MATH = YES;
				ONLY_ACTIVE_ARCH = YES;
				SDKROOT = iphoneos;
				SWIFT_ACTIVE_COMPILATION_CONDITIONS = DEBUG;
				SWIFT_OPTIMIZATION_LEVEL = "-Onone";
			};
			name = Debug;
		};
		5A5CAFC12AD05BE60097497E /* Release */ = {
			isa = XCBuildConfiguration;
			buildSettings = {
				ALWAYS_SEARCH_USER_PATHS = NO;
				CLANG_ANALYZER_NONNULL = YES;
				CLANG_ANALYZER_NUMBER_OBJECT_CONVERSION = YES_AGGRESSIVE;
				CLANG_CXX_LANGUAGE_STANDARD = "gnu++20";
				CLANG_ENABLE_MODULES = YES;
				CLANG_ENABLE_OBJC_ARC = YES;
				CLANG_ENABLE_OBJC_WEAK = YES;
				CLANG_WARN_BLOCK_CAPTURE_AUTORELEASING = YES;
				CLANG_WARN_BOOL_CONVERSION = YES;
				CLANG_WARN_COMMA = YES;
				CLANG_WARN_CONSTANT_CONVERSION = YES;
				CLANG_WARN_DEPRECATED_OBJC_IMPLEMENTATIONS = YES;
				CLANG_WARN_DIRECT_OBJC_ISA_USAGE = YES_ERROR;
				CLANG_WARN_DOCUMENTATION_COMMENTS = YES;
				CLANG_WARN_EMPTY_BODY = YES;
				CLANG_WARN_ENUM_CONVERSION = YES;
				CLANG_WARN_INFINITE_RECURSION = YES;
				CLANG_WARN_INT_CONVERSION = YES;
				CLANG_WARN_NON_LITERAL_NULL_CONVERSION = YES;
				CLANG_WARN_OBJC_IMPLICIT_RETAIN_SELF = YES;
				CLANG_WARN_OBJC_LITERAL_CONVERSION = YES;
				CLANG_WARN_OBJC_ROOT_CLASS = YES_ERROR;
				CLANG_WARN_QUOTED_INCLUDE_IN_FRAMEWORK_HEADER = YES;
				CLANG_WARN_RANGE_LOOP_ANALYSIS = YES;
				CLANG_WARN_STRICT_PROTOTYPES = YES;
				CLANG_WARN_SUSPICIOUS_MOVE = YES;
				CLANG_WARN_UNGUARDED_AVAILABILITY = YES_AGGRESSIVE;
				CLANG_WARN_UNREACHABLE_CODE = YES;
				CLANG_WARN__DUPLICATE_METHOD_MATCH = YES;
				COPY_PHASE_STRIP = NO;
				DEBUG_INFORMATION_FORMAT = "dwarf-with-dsym";
				ENABLE_NS_ASSERTIONS = NO;
				ENABLE_STRICT_OBJC_MSGSEND = YES;
				GCC_C_LANGUAGE_STANDARD = gnu11;
				GCC_NO_COMMON_BLOCKS = YES;
				GCC_WARN_64_TO_32_BIT_CONVERSION = YES;
				GCC_WARN_ABOUT_RETURN_TYPE = YES_ERROR;
				GCC_WARN_UNDECLARED_SELECTOR = YES;
				GCC_WARN_UNINITIALIZED_AUTOS = YES_AGGRESSIVE;
				GCC_WARN_UNUSED_FUNCTION = YES;
				GCC_WARN_UNUSED_VARIABLE = YES;
				IPHONEOS_DEPLOYMENT_TARGET = 16.4;
				MTL_ENABLE_DEBUG_INFO = NO;
				MTL_FAST_MATH = YES;
				SDKROOT = iphoneos;
				SWIFT_COMPILATION_MODE = wholemodule;
				SWIFT_OPTIMIZATION_LEVEL = "-O";
				VALIDATE_PRODUCT = YES;
			};
			name = Release;
		};
		5A5CAFC32AD05BE60097497E /* Debug */ = {
			isa = XCBuildConfiguration;
			buildSettings = {
				ASSETCATALOG_COMPILER_APPICON_NAME = AppIcon;
				ASSETCATALOG_COMPILER_GLOBAL_ACCENT_COLOR_NAME = AccentColor;
				CODE_SIGN_STYLE = Automatic;
				CURRENT_PROJECT_VERSION = 1;
				DEVELOPMENT_TEAM = YFKSG45UC4;
				GENERATE_INFOPLIST_FILE = YES;
				INFOPLIST_FILE = ImageFeed/Resources/Info.plist;
				INFOPLIST_KEY_UIApplicationSupportsIndirectInputEvents = YES;
				INFOPLIST_KEY_UILaunchStoryboardName = LaunchScreen;
				INFOPLIST_KEY_UIMainStoryboardFile = Main;
				INFOPLIST_KEY_UISupportedInterfaceOrientations = UIInterfaceOrientationPortrait;
				INFOPLIST_KEY_UISupportedInterfaceOrientations_iPad = "UIInterfaceOrientationLandscapeLeft UIInterfaceOrientationLandscapeRight UIInterfaceOrientationPortrait UIInterfaceOrientationPortraitUpsideDown";
				IPHONEOS_DEPLOYMENT_TARGET = 13.0;
				LD_RUNPATH_SEARCH_PATHS = (
					"$(inherited)",
					"@executable_path/Frameworks",
				);
				MARKETING_VERSION = 1.0;
				PRODUCT_BUNDLE_IDENTIFIER = ru.StasiaKuzya.ImageFeed;
				PRODUCT_NAME = "$(TARGET_NAME)";
				SUPPORTED_PLATFORMS = "iphoneos iphonesimulator";
				SUPPORTS_MACCATALYST = NO;
				SUPPORTS_MAC_DESIGNED_FOR_IPHONE_IPAD = YES;
				SWIFT_EMIT_LOC_STRINGS = YES;
				SWIFT_VERSION = 5.0;
				TARGETED_DEVICE_FAMILY = 1;
			};
			name = Debug;
		};
		5A5CAFC42AD05BE60097497E /* Release */ = {
			isa = XCBuildConfiguration;
			buildSettings = {
				ASSETCATALOG_COMPILER_APPICON_NAME = AppIcon;
				ASSETCATALOG_COMPILER_GLOBAL_ACCENT_COLOR_NAME = AccentColor;
				CODE_SIGN_STYLE = Automatic;
				CURRENT_PROJECT_VERSION = 1;
				DEVELOPMENT_TEAM = YFKSG45UC4;
				GENERATE_INFOPLIST_FILE = YES;
				INFOPLIST_FILE = ImageFeed/Resources/Info.plist;
				INFOPLIST_KEY_UIApplicationSupportsIndirectInputEvents = YES;
				INFOPLIST_KEY_UILaunchStoryboardName = LaunchScreen;
				INFOPLIST_KEY_UIMainStoryboardFile = Main;
				INFOPLIST_KEY_UISupportedInterfaceOrientations = UIInterfaceOrientationPortrait;
				INFOPLIST_KEY_UISupportedInterfaceOrientations_iPad = "UIInterfaceOrientationLandscapeLeft UIInterfaceOrientationLandscapeRight UIInterfaceOrientationPortrait UIInterfaceOrientationPortraitUpsideDown";
				IPHONEOS_DEPLOYMENT_TARGET = 13.0;
				LD_RUNPATH_SEARCH_PATHS = (
					"$(inherited)",
					"@executable_path/Frameworks",
				);
				MARKETING_VERSION = 1.0;
				PRODUCT_BUNDLE_IDENTIFIER = ru.StasiaKuzya.ImageFeed;
				PRODUCT_NAME = "$(TARGET_NAME)";
				SUPPORTED_PLATFORMS = "iphoneos iphonesimulator";
				SUPPORTS_MACCATALYST = NO;
				SUPPORTS_MAC_DESIGNED_FOR_IPHONE_IPAD = YES;
				SWIFT_EMIT_LOC_STRINGS = YES;
				SWIFT_VERSION = 5.0;
				TARGETED_DEVICE_FAMILY = 1;
			};
			name = Release;
		};
/* End XCBuildConfiguration section */

/* Begin XCConfigurationList section */
		5A5CAFA92AD05BE30097497E /* Build configuration list for PBXProject "ImageFeed" */ = {
			isa = XCConfigurationList;
			buildConfigurations = (
				5A5CAFC02AD05BE60097497E /* Debug */,
				5A5CAFC12AD05BE60097497E /* Release */,
			);
			defaultConfigurationIsVisible = 0;
			defaultConfigurationName = Release;
		};
		5A5CAFC22AD05BE60097497E /* Build configuration list for PBXNativeTarget "ImageFeed" */ = {
			isa = XCConfigurationList;
			buildConfigurations = (
				5A5CAFC32AD05BE60097497E /* Debug */,
				5A5CAFC42AD05BE60097497E /* Release */,
			);
			defaultConfigurationIsVisible = 0;
			defaultConfigurationName = Release;
		};
/* End XCConfigurationList section */

/* Begin XCRemoteSwiftPackageReference section */
		5A63760C2B07A43300DEE036 /* XCRemoteSwiftPackageReference "ProgressHUD" */ = {
			isa = XCRemoteSwiftPackageReference;
			repositoryURL = "https://github.com/relatedcode/ProgressHUD";
			requirement = {
				kind = exactVersion;
				version = 13.6.1;
			};
		};
		5A6376242B10A6EC00DEE036 /* XCRemoteSwiftPackageReference "Kingfisher" */ = {
			isa = XCRemoteSwiftPackageReference;
			repositoryURL = "https://github.com/onevcat/Kingfisher";
			requirement = {
				kind = exactVersion;
				version = 7.10.0;
			};
		};
		5A6376272B1258BD00DEE036 /* XCRemoteSwiftPackageReference "SwiftKeychainWrapper" */ = {
			isa = XCRemoteSwiftPackageReference;
			repositoryURL = "https://github.com/jrendel/SwiftKeychainWrapper";
			requirement = {
				kind = exactVersion;
				version = 4.0.1;
			};
		};
/* End XCRemoteSwiftPackageReference section */

/* Begin XCSwiftPackageProductDependency section */
		5A63760D2B07A43300DEE036 /* ProgressHUD */ = {
			isa = XCSwiftPackageProductDependency;
			package = 5A63760C2B07A43300DEE036 /* XCRemoteSwiftPackageReference "ProgressHUD" */;
			productName = ProgressHUD;
		};
		5A6376252B10A6EC00DEE036 /* Kingfisher */ = {
			isa = XCSwiftPackageProductDependency;
			package = 5A6376242B10A6EC00DEE036 /* XCRemoteSwiftPackageReference "Kingfisher" */;
			productName = Kingfisher;
		};
		5A6376282B1258BD00DEE036 /* SwiftKeychainWrapper */ = {
			isa = XCSwiftPackageProductDependency;
			package = 5A6376272B1258BD00DEE036 /* XCRemoteSwiftPackageReference "SwiftKeychainWrapper" */;
			productName = SwiftKeychainWrapper;
		};
/* End XCSwiftPackageProductDependency section */
	};
	rootObject = 5A5CAFA62AD05BE30097497E /* Project object */;
}
